
Microsoft Visual Studio Solution File, Format Version 12.00
# Visual Studio 14
VisualStudioVersion = 14.0.25420.1
MinimumVisualStudioVersion = 10.0.40219.1
Project("{FAE04EC0-301F-11D3-BF4B-00C04F79EFBC}") = "WebApi", "WebApi\WebApi.csproj", "{6302C21B-A22F-450B-A250-1634325E72CD}"
EndProject
Project("{FAE04EC0-301F-11D3-BF4B-00C04F79EFBC}") = "ProductManagement", "ProductManagement\ProductManagement.csproj", "{AE5C9B21-8F9D-46F8-87A3-9EAAED8B0312}"
EndProject
Project("{FAE04EC0-301F-11D3-BF4B-00C04F79EFBC}") = "Productmanagement.Tests", "Productmanagement.Tests\Productmanagement.Tests.csproj", "{E4161A40-1CCA-46CD-9B3F-BD9D88E06C8A}"
EndProject
Global
	GlobalSection(SolutionConfigurationPlatforms) = preSolution
		Debug|Any CPU = Debug|Any CPU
		Release|Any CPU = Release|Any CPU
	EndGlobalSection
	GlobalSection(ProjectConfigurationPlatforms) = postSolution
		{6302C21B-A22F-450B-A250-1634325E72CD}.Debug|Any CPU.ActiveCfg = Debug|Any CPU
		{6302C21B-A22F-450B-A250-1634325E72CD}.Debug|Any CPU.Build.0 = Debug|Any CPU
		{6302C21B-A22F-450B-A250-1634325E72CD}.Release|Any CPU.ActiveCfg = Release|Any CPU
		{6302C21B-A22F-450B-A250-1634325E72CD}.Release|Any CPU.Build.0 = Release|Any CPU
		{AE5C9B21-8F9D-46F8-87A3-9EAAED8B0312}.Debug|Any CPU.ActiveCfg = Debug|Any CPU
		{AE5C9B21-8F9D-46F8-87A3-9EAAED8B0312}.Debug|Any CPU.Build.0 = Debug|Any CPU
		{AE5C9B21-8F9D-46F8-87A3-9EAAED8B0312}.Release|Any CPU.ActiveCfg = Release|Any CPU
		{AE5C9B21-8F9D-46F8-87A3-9EAAED8B0312}.Release|Any CPU.Build.0 = Release|Any CPU
		{E4161A40-1CCA-46CD-9B3F-BD9D88E06C8A}.Debug|Any CPU.ActiveCfg = Debug|Any CPU
		{E4161A40-1CCA-46CD-9B3F-BD9D88E06C8A}.Debug|Any CPU.Build.0 = Debug|Any CPU
		{E4161A40-1CCA-46CD-9B3F-BD9D88E06C8A}.Release|Any CPU.ActiveCfg = Release|Any CPU
		{E4161A40-1CCA-46CD-9B3F-BD9D88E06C8A}.Release|Any CPU.Build.0 = Release|Any CPU
	EndGlobalSection
	GlobalSection(SolutionProperties) = preSolution
		HideSolutionNode = FALSE
	EndGlobalSection
EndGlobal
